
Microsoft Visual Studio Solution File, Format Version 12.00
# Visual Studio Version 17
VisualStudioVersion = 17.8.34525.116
MinimumVisualStudioVersion = 10.0.40219.1
Project("{FAE04EC0-301F-11D3-BF4B-00C04F79EFBC}") = "Itau.Transfer.API", "Itau.Transfer.API\Itau.Transfer.API.csproj", "{0800A8EF-AF1F-4A6C-8D01-257F356774CC}"
EndProject
Project("{FAE04EC0-301F-11D3-BF4B-00C04F79EFBC}") = "Itau.Transfer.Domain", "Itau.Transfer.Domain\Itau.Transfer.Domain.csproj", "{FD543F55-A44B-4744-9D59-7D2B715BC4AD}"
EndProject
Project("{FAE04EC0-301F-11D3-BF4B-00C04F79EFBC}") = "Itau.Transfer.Infrastructure", "Itau.Transfer.Infrastructure\Itau.Transfer.Infrastructure.csproj", "{DF5481A6-9FCB-43B9-B6E4-D5012B84A48E}"
EndProject
Project("{FAE04EC0-301F-11D3-BF4B-00C04F79EFBC}") = "Itau.Transfer.Tests", "Itau.Transfer.Tests\Itau.Transfer.Tests.csproj", "{EDCD8A2C-9B5A-4A7D-9F08-D2AF2C670FD2}"
EndProject
Project("{FAE04EC0-301F-11D3-BF4B-00C04F79EFBC}") = "Itau.Transfer.Application", "Itau.Transfer.Application\Itau.Transfer.Application.csproj", "{7107C1BE-1474-45F3-8F3E-F73991CF12C2}"
EndProject
Global
	GlobalSection(SolutionConfigurationPlatforms) = preSolution
		Debug|Any CPU = Debug|Any CPU
		Release|Any CPU = Release|Any CPU
	EndGlobalSection
	GlobalSection(ProjectConfigurationPlatforms) = postSolution
		{0800A8EF-AF1F-4A6C-8D01-257F356774CC}.Debug|Any CPU.ActiveCfg = Debug|Any CPU
		{0800A8EF-AF1F-4A6C-8D01-257F356774CC}.Debug|Any CPU.Build.0 = Debug|Any CPU
		{0800A8EF-AF1F-4A6C-8D01-257F356774CC}.Release|Any CPU.ActiveCfg = Release|Any CPU
		{0800A8EF-AF1F-4A6C-8D01-257F356774CC}.Release|Any CPU.Build.0 = Release|Any CPU
		{FD543F55-A44B-4744-9D59-7D2B715BC4AD}.Debug|Any CPU.ActiveCfg = Debug|Any CPU
		{FD543F55-A44B-4744-9D59-7D2B715BC4AD}.Debug|Any CPU.Build.0 = Debug|Any CPU
		{FD543F55-A44B-4744-9D59-7D2B715BC4AD}.Release|Any CPU.ActiveCfg = Release|Any CPU
		{FD543F55-A44B-4744-9D59-7D2B715BC4AD}.Release|Any CPU.Build.0 = Release|Any CPU
		{DF5481A6-9FCB-43B9-B6E4-D5012B84A48E}.Debug|Any CPU.ActiveCfg = Debug|Any CPU
		{DF5481A6-9FCB-43B9-B6E4-D5012B84A48E}.Debug|Any CPU.Build.0 = Debug|Any CPU
		{DF5481A6-9FCB-43B9-B6E4-D5012B84A48E}.Release|Any CPU.ActiveCfg = Release|Any CPU
		{DF5481A6-9FCB-43B9-B6E4-D5012B84A48E}.Release|Any CPU.Build.0 = Release|Any CPU
		{EDCD8A2C-9B5A-4A7D-9F08-D2AF2C670FD2}.Debug|Any CPU.ActiveCfg = Debug|Any CPU
		{EDCD8A2C-9B5A-4A7D-9F08-D2AF2C670FD2}.Debug|Any CPU.Build.0 = Debug|Any CPU
		{EDCD8A2C-9B5A-4A7D-9F08-D2AF2C670FD2}.Release|Any CPU.ActiveCfg = Release|Any CPU
		{EDCD8A2C-9B5A-4A7D-9F08-D2AF2C670FD2}.Release|Any CPU.Build.0 = Release|Any CPU
		{7107C1BE-1474-45F3-8F3E-F73991CF12C2}.Debug|Any CPU.ActiveCfg = Debug|Any CPU
		{7107C1BE-1474-45F3-8F3E-F73991CF12C2}.Debug|Any CPU.Build.0 = Debug|Any CPU
		{7107C1BE-1474-45F3-8F3E-F73991CF12C2}.Release|Any CPU.ActiveCfg = Release|Any CPU
		{7107C1BE-1474-45F3-8F3E-F73991CF12C2}.Release|Any CPU.Build.0 = Release|Any CPU
	EndGlobalSection
	GlobalSection(SolutionProperties) = preSolution
		HideSolutionNode = FALSE
	EndGlobalSection
	GlobalSection(ExtensibilityGlobals) = postSolution
		SolutionGuid = {64EBEEB8-CE0A-4A47-A9D2-9B0AE2879427}
	EndGlobalSection
EndGlobal
